<Solution>
  <Folder Name="/Tests/">
    <Project Path="Cabinet.IntegrationTests/Cabinet.IntegrationTests.csproj" />
    <Project Path="Cabinet.UnitTests/Cabinet.UnitTests.csproj" />
  </Folder>
  <Folder Name="/Tools/">
    <Project Path="Cabinet.FakeBgg/Cabinet.FakeBgg.csproj" />
  </Folder>
  <Project Path="Cabinet.Domain/Cabinet.Domain.csproj" />
  <Project Path="Cabinet.Repository/Cabinet.Repository.csproj" />
  <Project Path="Cabinet.Service/Cabinet.Service.csproj" />
</Solution>
